{
  "requires": true,
  "lockfileVersion": 1,
  "dependencies": {
    "verminal": {
      "version": "1.4.3",
      "resolved": "https://registry.npmjs.org/verminal/-/verminal-1.4.3.tgz",
      "integrity": "sha512-nFDlXK9vTxNv6LqYh3gYdY9rek0QVdcP/Av3lh5BptWkCTNXNiCcJYHR7lR3FBUwN4rgg8wdY97sXVKoukEzNg=="
    }
  }
}
